
Microsoft Visual Studio Solution File, Format Version 12.00
# Visual Studio Version 17
VisualStudioVersion = 17.0.31912.275
MinimumVisualStudioVersion = 10.0.40219.1
Project("{FAE04EC0-301F-11D3-BF4B-00C04F79EFBC}") = "lab3", "lab3\lab3.csproj", "{424470D5-C929-4533-AF12-2672C19C250A}"
EndProject
Global
	GlobalSection(SolutionConfigurationPlatforms) = preSolution
		Debug|Any CPU = Debug|Any CPU
		Release|Any CPU = Release|Any CPU
	EndGlobalSection
	GlobalSection(ProjectConfigurationPlatforms) = postSolution
		{424470D5-C929-4533-AF12-2672C19C250A}.Debug|Any CPU.ActiveCfg = Debug|Any CPU
		{424470D5-C929-4533-AF12-2672C19C250A}.Debug|Any CPU.Build.0 = Debug|Any CPU
		{424470D5-C929-4533-AF12-2672C19C250A}.Release|Any CPU.ActiveCfg = Release|Any CPU
		{424470D5-C929-4533-AF12-2672C19C250A}.Release|Any CPU.Build.0 = Release|Any CPU
	EndGlobalSection
	GlobalSection(SolutionProperties) = preSolution
		HideSolutionNode = FALSE
	EndGlobalSection
	GlobalSection(ExtensibilityGlobals) = postSolution
		SolutionGuid = {8A0C448B-6635-47C1-8393-AEC62D82467B}
	EndGlobalSection
EndGlobal
